
Microsoft Visual Studio Solution File, Format Version 12.00
# Visual Studio Version 17
VisualStudioVersion = 17.5.33516.290
MinimumVisualStudioVersion = 10.0.40219.1
Project("{FAE04EC0-301F-11D3-BF4B-00C04F79EFBC}") = "ToDoList", "ToDoList\ToDoList.csproj", "{E0A15EE3-A451-4412-91BA-590AB26C4333}"
EndProject
Global
	GlobalSection(SolutionConfigurationPlatforms) = preSolution
		Debug|Any CPU = Debug|Any CPU
		Release|Any CPU = Release|Any CPU
	EndGlobalSection
	GlobalSection(ProjectConfigurationPlatforms) = postSolution
		{E0A15EE3-A451-4412-91BA-590AB26C4333}.Debug|Any CPU.ActiveCfg = Debug|Any CPU
		{E0A15EE3-A451-4412-91BA-590AB26C4333}.Debug|Any CPU.Build.0 = Debug|Any CPU
		{E0A15EE3-A451-4412-91BA-590AB26C4333}.Release|Any CPU.ActiveCfg = Release|Any CPU
		{E0A15EE3-A451-4412-91BA-590AB26C4333}.Release|Any CPU.Build.0 = Release|Any CPU
	EndGlobalSection
	GlobalSection(SolutionProperties) = preSolution
		HideSolutionNode = FALSE
	EndGlobalSection
	GlobalSection(ExtensibilityGlobals) = postSolution
		SolutionGuid = {42C58512-EBA8-49A8-AB77-34A13CD6F25B}
	EndGlobalSection
EndGlobal
